{
  "name": "mdns",
  "version": "1.0.0",
  "lockfileVersion": 2,
  "requires": true,
  "packages": {
    "": {
      "name": "mdns",
      "version": "1.0.0",
      "license": "ISC",
      "dependencies": {
        "@types/node": "^16.4.13",
        "multicast-dns": "^7.2.3"
      }
    },
    "node_modules/@leichtgewicht/ip-codec": {
      "version": "2.0.3",
      "resolved": "https://registry.npmjs.org/@leichtgewicht/ip-codec/-/ip-codec-2.0.3.tgz",
      "integrity": "sha512-nkalE/f1RvRGChwBnEIoBfSEYOXnCRdleKuv6+lePbMDrMZXeDQnqak5XDOeBgrPPyPfAdcCu/B5z+v3VhplGg=="
    },
    "node_modules/@types/node": {
      "version": "16.4.13",
      "resolved": "https://registry.npmjs.org/@types/node/-/node-16.4.13.tgz",
      "integrity": "sha512-bLL69sKtd25w7p1nvg9pigE4gtKVpGTPojBFLMkGHXuUgap2sLqQt2qUnqmVCDfzGUL0DRNZP+1prIZJbMeAXg=="
    },
    "node_modules/dns-packet": {
      "version": "5.3.0",
      "resolved": "https://registry.npmjs.org/dns-packet/-/dns-packet-5.3.0.tgz",
      "integrity": "sha512-Nce7YLu6YCgWRvOmDBsJMo9M5/jV3lEZ5vUWnWXYmwURvPylHvq7nkDWhNmk1ZQoZZOP7oQh/S0lSxbisKOfHg==",
      "dependencies": {
        "@leichtgewicht/ip-codec": "^2.0.1"
      },
      "engines": {
        "node": ">=6"
      }
    },
    "node_modules/multicast-dns": {
      "version": "7.2.3",
      "resolved": "https://registry.npmjs.org/multicast-dns/-/multicast-dns-7.2.3.tgz",
      "integrity": "sha512-TzxgGSLRLB7tqAlzjgd2x2ZE0cDsGFq4rs9W4yE5xp+7hlRXeUQGtXZsTGfGw2FwWB45rfe8DtXMYBpZGMLUng==",
      "dependencies": {
        "dns-packet": "^5.2.2",
        "thunky": "^1.0.2"
      },
      "bin": {
        "multicast-dns": "cli.js"
      }
    },
    "node_modules/thunky": {
      "version": "1.1.0",
      "resolved": "https://registry.npmjs.org/thunky/-/thunky-1.1.0.tgz",
      "integrity": "sha512-eHY7nBftgThBqOyHGVN+l8gF0BucP09fMo0oO/Lb0w1OF80dJv+lDVpXG60WMQvkcxAkNybKsrEIE3ZtKGmPrA=="
    }
  },
  "dependencies": {
    "@leichtgewicht/ip-codec": {
      "version": "2.0.3",
      "resolved": "https://registry.npmjs.org/@leichtgewicht/ip-codec/-/ip-codec-2.0.3.tgz",
      "integrity": "sha512-nkalE/f1RvRGChwBnEIoBfSEYOXnCRdleKuv6+lePbMDrMZXeDQnqak5XDOeBgrPPyPfAdcCu/B5z+v3VhplGg=="
    },
    "@types/node": {
      "version": "16.4.13",
      "resolved": "https://registry.npmjs.org/@types/node/-/node-16.4.13.tgz",
      "integrity": "sha512-bLL69sKtd25w7p1nvg9pigE4gtKVpGTPojBFLMkGHXuUgap2sLqQt2qUnqmVCDfzGUL0DRNZP+1prIZJbMeAXg=="
    },
    "dns-packet": {
      "version": "5.3.0",
      "resolved": "https://registry.npmjs.org/dns-packet/-/dns-packet-5.3.0.tgz",
      "integrity": "sha512-Nce7YLu6YCgWRvOmDBsJMo9M5/jV3lEZ5vUWnWXYmwURvPylHvq7nkDWhNmk1ZQoZZOP7oQh/S0lSxbisKOfHg==",
      "requires": {
        "@leichtgewicht/ip-codec": "^2.0.1"
      }
    },
    "multicast-dns": {
      "version": "7.2.3",
      "resolved": "https://registry.npmjs.org/multicast-dns/-/multicast-dns-7.2.3.tgz",
      "integrity": "sha512-TzxgGSLRLB7tqAlzjgd2x2ZE0cDsGFq4rs9W4yE5xp+7hlRXeUQGtXZsTGfGw2FwWB45rfe8DtXMYBpZGMLUng==",
      "requires": {
        "dns-packet": "^5.2.2",
        "thunky": "^1.0.2"
      }
    },
    "thunky": {
      "version": "1.1.0",
      "resolved": "https://registry.npmjs.org/thunky/-/thunky-1.1.0.tgz",
      "integrity": "sha512-eHY7nBftgThBqOyHGVN+l8gF0BucP09fMo0oO/Lb0w1OF80dJv+lDVpXG60WMQvkcxAkNybKsrEIE3ZtKGmPrA=="
    }
  }
}
